# This file is autogenerated, do not edit; changes may be undone by the next 'dep ensure'.


[[projects]]
  digest = "1:a151d8abdc2ab0a97060ac2e7c71472dff76255d76d5e65d29dcf21cf0ae0664"
  name = "github.com/360EntSecGroup-Skylar/excelize"
  packages = ["."]
  pruneopts = "UT"
  revision = "3e004d900b103379c2d62657a3070de4a2e8585a"
  version = "v1.4.0"

[[projects]]
  branch = "master"
  digest = "1:9a676a5cee2924ba93559977044a41192ddf7e292c305c5929f95c66b1a1b1df"
  name = "github.com/ElrondNetwork/elrond-go-sandbox"
  packages = [
    "api/node",
    "benchmark-broadcast/bits",
    "benchmark-broadcast/broadcast",
    "benchmark-broadcast/copy",
    "benchmark-broadcast/types",
    "chronology",
    "chronology/ntp",
    "config",
    "consensus/spos",
    "crypto/bn",
    "crypto/ed25519",
    "crypto/math",
    "crypto/schnorr",
    "data",
    "data/block",
    "data/block/capnproto1",
    "data/blockchain",
    "data/state",
    "data/state/mock",
    "data/transaction",
    "data/transaction/capnproto1",
    "data/transaction/capnproto2",
    "data/transactionPool",
    "data/trie",
    "data/trie/encoding",
    "data/trie/mock",
    "data/trie/mock/sha3",
    "data/trie/rlp",
    "execution",
    "hashing",
    "hashing/blake2b",
    "hashing/sha256",
    "logger",
    "marshal",
    "p2p",
    "p2p/mock",
    "storage",
    "storage/leveldb",
    "storage/lrucache",
    "storage/memorydb",
  ]
  pruneopts = "UT"
  revision = "11a42e51dc3a9fee61f9cb590530614a1bde3ef9"

[[projects]]
  branch = "master"
  digest = "1:4cf11742b199ab3aacf26b00187e72f7ff8ba2145f363b74f295d54f098f79e4"
  name = "github.com/agl/ed25519"
  packages = [
    ".",
    "edwards25519",
    "extra25519",
  ]
  pruneopts = "UT"
  revision = "5312a61534124124185d41f09206b9fef1d88403"

[[projects]]
  digest = "1:a8d622a8049a4aa420e1c509873bb85d4c45c5107f420d922f919bfcb8d08694"
  name = "github.com/beevik/ntp"
  packages = ["."]
  pruneopts = "UT"
  revision = "62c80a04de2086884d8296004b6d74ee1846c582"
  version = "v0.2.0"

[[projects]]
  branch = "master"
  digest = "1:093bf93a65962e8191e3e8cd8fc6c363f83d43caca9739c906531ba7210a9904"
  name = "github.com/btcsuite/btcd"
  packages = ["btcec"]
  pruneopts = "UT"
  revision = "7d2daa5bfef28c5e282571bc06416516936115ee"

[[projects]]
  branch = "master"
  digest = "1:95f4fdfbc8d7723bd21e467aabe98d86f06d3e2557b1ba92bf9df8aea6706784"
  name = "github.com/btcsuite/btcutil"
  packages = ["base58"]
  pruneopts = "UT"
  revision = "ab6388e0c60ae4834a1f57511e20c17b5f78be4b"

[[projects]]
  digest = "1:0ef770954bca104ee99b3b6b7f9b240605ac03517d9f98cbc1893daa03f3c038"
  name = "github.com/coreos/go-semver"
  packages = ["semver"]
  pruneopts = "UT"
  revision = "8ab6407b697782a06568d4b7f1db25550ec2e4c6"
  version = "v0.2.0"

[[projects]]
  digest = "1:ffe9824d294da03b391f44e1ae8281281b4afc1bdaa9588c9097785e3af10cec"
  name = "github.com/davecgh/go-spew"
  packages = ["spew"]
  pruneopts = "UT"
  revision = "8991bc29aa16c548c550c7ff78260e27b9ab7c73"
  version = "v1.1.1"

[[projects]]
  digest = "1:c594f17a44dc0df66ef67ae61b126fc51c84b826af250493f2e37c2ac4389bbe"
  name = "github.com/dedis/fixbuf"
  packages = ["."]
  pruneopts = "UT"
  revision = "290118f838f79dd2f76edf7a98cccf989eaf3310"
  version = "v1.0.2"

[[projects]]
  branch = "master"
  digest = "1:77fa72aa4bebb8b1d3e01c73fca5dc65765be2b3ce7e02eb21f2bb1ba2b9fde0"
  name = "github.com/dedis/kyber"
  packages = [
    ".",
    "group/edwards25519",
    "group/internal/marshalling",
    "group/mod",
    "pairing",
    "pairing/bn256",
    "share",
    "sign/bls",
    "sign/cosi",
    "sign/schnorr",
    "sign/tbls",
    "util/key",
    "util/random",
    "xof/blake2xb",
  ]
  pruneopts = "UT"
  revision = "29b689a44717cf0a6a31bf91b065b59147007a8c"

[[projects]]
  digest = "1:d1341a04a4443bba8c8af76ec6c3960206074490a1284b4853ff5a88a66c63b7"
  name = "github.com/fd/go-nat"
  packages = ["."]
  pruneopts = "UT"
  revision = "bad65a492f32121a87197f4a085905c35e2a367e"
  version = "v1.0.0"

[[projects]]
  digest = "1:abeb38ade3f32a92943e5be54f55ed6d6e3b6602761d74b4aab4c9dd45c18abd"
  name = "github.com/fsnotify/fsnotify"
  packages = ["."]
  pruneopts = "UT"
  revision = "c2828203cd70a50dcccfb2761f8b1f8ceef9a8e9"
  version = "v1.4.7"

[[projects]]
  digest = "1:2b59aca2665ff804f6606c8829eaee133ddd3aefbc841014660d961b0034f888"
  name = "github.com/gin-contrib/cors"
  packages = ["."]
  pruneopts = "UT"
  revision = "cf4846e6a636a76237a28d9286f163c132e841bc"
  version = "v1.2"

[[projects]]
  branch = "master"
  digest = "1:36fe9527deed01d2a317617e59304eb2c4ce9f8a24115bcc5c2e37b3aee5bae4"
  name = "github.com/gin-contrib/sse"
  packages = ["."]
  pruneopts = "UT"
  revision = "22d885f9ecc78bf4ee5d72b937e4bbcdc58e8cae"

[[projects]]
  digest = "1:d5083934eb25e45d17f72ffa86cae3814f4a9d6c073c4f16b64147169b245606"
  name = "github.com/gin-gonic/gin"
  packages = [
    ".",
    "binding",
    "json",
    "render",
  ]
  pruneopts = "UT"
  revision = "b869fe1415e4b9eb52f247441830d502aece2d4d"
  version = "v1.3.0"

[[projects]]
  branch = "master"
  digest = "1:e3cc0fb0191d4e485bf4c5e491af30a69aa30d2fe71b6ab9540f5ff788638fc1"
  name = "github.com/glycerine/go-capnproto"
  packages = ["."]
  pruneopts = "UT"
  revision = "6f6ad2aa5034b3da7b23fcbdca4a499a22339b7d"

[[projects]]
  branch = "master"
  digest = "1:fbcf1dc8aedf3276e4590a539debcf8d6b641331519a74c4bd83714ad3db6bb3"
  name = "github.com/glycerine/rbtree"
  packages = ["."]
  pruneopts = "UT"
  revision = "80eebfe947f79f7b746dc7a2ef39fd98db275853"

[[projects]]
  digest = "1:d68801525369786c99880084140da0ec56cd786f12cede164b21ba8de22e2fdd"
  name = "github.com/gogo/protobuf"
  packages = [
    "io",
    "proto",
    "sortkeys",
  ]
  pruneopts = "UT"
  revision = "636bf0302bc95575d69441b25a2603156ffdddf1"
  version = "v1.1.1"

[[projects]]
  digest = "1:6ba96a683441984156b05568b9d31dbc846d3336d21ac220fcc819a367dc1f65"
  name = "github.com/golang/protobuf"
  packages = ["proto"]
  pruneopts = "UT"
  revision = "5a0f697c9ed9d68fef0116532c6e05cfeae00e55"

[[projects]]
  branch = "master"
  digest = "1:4a0c6bb4805508a6287675fac876be2ac1182539ca8a32468d8128882e9d5009"
  name = "github.com/golang/snappy"
  packages = ["."]
  pruneopts = "UT"
  revision = "2e65f85255dbc3072edf28d6b5b8efc472979f5a"

[[projects]]
  digest = "1:2e3c336fc7fde5c984d2841455a658a6d626450b1754a854b3b32e7a8f49a07a"
  name = "github.com/google/go-cmp"
  packages = [
    "cmp",
    "cmp/internal/diff",
    "cmp/internal/function",
    "cmp/internal/value",
  ]
  pruneopts = "UT"
  revision = "3af367b6b30c263d47e8895973edcca9a49cf029"
  version = "v0.2.0"

[[projects]]
  digest = "1:236d7e1bdb50d8f68559af37dbcf9d142d56b431c9b2176d41e2a009b664cda8"
  name = "github.com/google/uuid"
  packages = ["."]
  pruneopts = "UT"
  revision = "9b3b1e0f5f99ae461456d768e7d301a7acdaa2d8"
  version = "v1.1.0"

[[projects]]
  digest = "1:7b5c6e2eeaa9ae5907c391a91c132abfd5c9e8a784a341b5625e750c67e6825d"
  name = "github.com/gorilla/websocket"
  packages = ["."]
  pruneopts = "UT"
  revision = "66b9c49e59c6c48f0ffce28c2d8b8a5678502c6d"
  version = "v1.4.0"

[[projects]]
  branch = "master"
  digest = "1:31e6ca5d3801cd74e569cb9597d5a0b06d862307ffb045e581b44fe4a316ea09"
  name = "github.com/gxed/GoEndian"
  packages = ["."]
  pruneopts = "UT"
  revision = "0f5c6873267e5abf306ffcdfcfa4bf77517ef4a7"

[[projects]]
  branch = "master"
  digest = "1:dc57a2580e33eae03691c9ede0b30cf1dc622ff471fc6a36388879ded5702d02"
  name = "github.com/gxed/eventfd"
  packages = ["."]
  pruneopts = "UT"
  revision = "80a92cca79a8041496ccc9dd773fcb52a57ec6f9"

[[projects]]
  branch = "master"
  digest = "1:e3ddd1f59d3c84917c99ecb1c3420aa6899f6df7495ba9414c13732b2e9568dd"
  name = "github.com/gxed/hashland"
  packages = ["keccakpg"]
  pruneopts = "UT"
  revision = "d9f6b97f8db22dd1e090fd0bbbe98f09cc7dd0a8"

[[projects]]
  digest = "1:8ec8d88c248041a6df5f6574b87bc00e7e0b493881dad2e7ef47b11dc69093b5"
  name = "github.com/hashicorp/golang-lru"
  packages = [
    ".",
    "simplelru",
  ]
  pruneopts = "UT"
  revision = "20f1fb78b0740ba8c3cb143a61e86ba5c8669768"
  version = "v0.5.0"

[[projects]]
  digest = "1:c0d19ab64b32ce9fe5cf4ddceba78d5bc9807f0016db6b1183599da3dcc24d10"
  name = "github.com/hashicorp/hcl"
  packages = [
    ".",
    "hcl/ast",
    "hcl/parser",
    "hcl/printer",
    "hcl/scanner",
    "hcl/strconv",
    "hcl/token",
    "json/parser",
    "json/scanner",
    "json/token",
  ]
  pruneopts = "UT"
  revision = "8cb6e5b959231cc1119e43259c4a608f9c51a241"
  version = "v1.0.0"

[[projects]]
  digest = "1:c00cc6d95a674b4b923ac069d364445043bc67836e9bd8aeff8440cfbe6a2cc7"
  name = "github.com/huin/goupnp"
  packages = [
    ".",
    "dcps/internetgateway1",
    "dcps/internetgateway2",
    "httpu",
    "scpd",
    "soap",
    "ssdp",
  ]
  pruneopts = "UT"
  revision = "656e61dfadd241c7cbdd22a023fa81ecb6860ea8"
  version = "v1.0.0"

[[projects]]
  digest = "1:5e59d6e02abee7ab8ef7f396f5d681054fbfae02ff159fe3d1e1a01e6ed2b034"
  name = "github.com/ipfs/go-ipfs-addr"
  packages = ["."]
  pruneopts = "UT"
  revision = "563b741b4726c35ffb6cd18eb053dab346df2684"
  version = "v0.1.25"

[[projects]]
  digest = "1:aae82c244bd91107575a0244a29e82e34ba23e06b6892557e33728de48deba96"
  name = "github.com/ipfs/go-ipfs-util"
  packages = ["."]
  pruneopts = "UT"
  revision = "10d786c5ed859afd22223df76a89bf57b24b2ee1"
  version = "v1.2.8"

[[projects]]
  digest = "1:43248b562ac2508990699768e9e0c3d8073c2d0081a5f2dbdc5efd727d9ed426"
  name = "github.com/ipfs/go-log"
  packages = [
    ".",
    "tracer",
    "tracer/wire",
    "writer",
  ]
  pruneopts = "UT"
  revision = "14e95105cbafcda64fdc36197fe6a30b23c693dc"
  version = "v1.5.7"

[[projects]]
  digest = "1:b352ae8b1a77cc6b48fc8e314e34a522cfc76d6ca3a06c93b29c9cde5de6771e"
  name = "github.com/jackpal/gateway"
  packages = ["."]
  pruneopts = "UT"
  revision = "cbcf4e3f3baee7952fc386c8b2534af4d267c875"
  version = "v1.0.5"

[[projects]]
  digest = "1:32b82e71cf24f8b78323e0d7903c4b90278486283965aa2a19b1ea13763b8f34"
  name = "github.com/jackpal/go-nat-pmp"
  packages = ["."]
  pruneopts = "UT"
  revision = "c9cfead9f2a36ddf3daa40ba269aa7f4bbba6b62"
  version = "v1.0.1"

[[projects]]
  branch = "master"
  digest = "1:8f4aedc183dc8dfef9a7a1f1ba205dc87ecd2675eea350a736bda889e3bcf8ea"
  name = "github.com/jbenet/go-temp-err-catcher"
  packages = ["."]
  pruneopts = "UT"
  revision = "aac704a3f4f27190b4ccc05f303a4931fd1241ff"

[[projects]]
  branch = "master"
  digest = "1:a2a82ac6d7f2ab5966591f95612e3ecd9afed66051189e06876a29ed3744a3ea"
  name = "github.com/jbenet/goprocess"
  packages = [
    ".",
    "context",
    "periodic",
    "ratelimit",
  ]
  pruneopts = "UT"
  revision = "b497e2f366b8624394fb2e89c10ab607bebdde0b"

[[projects]]
  digest = "1:be97e109f627d3ba8edfef50c9c74f0d0c17cbe3a2e924a8985e4804a894f282"
  name = "github.com/json-iterator/go"
  packages = ["."]
  pruneopts = "UT"
  revision = "36b14963da70d11297d313183d7e6388c8510e1e"
  version = "1.0.0"

[[projects]]
  digest = "1:0a69a1c0db3591fcefb47f115b224592c8dfa4368b7ba9fae509d5e16cdc95c8"
  name = "github.com/konsorten/go-windows-terminal-sequences"
  packages = ["."]
  pruneopts = "UT"
  revision = "5c8c8bd35d3832f5d134ae1e1e375b69a4d25242"
  version = "v1.0.1"

[[projects]]
  digest = "1:651240087688933ab0f620305d19c2169a82fe4570525227df57513a7ddd2ffe"
  name = "github.com/libp2p/go-addr-util"
  packages = ["."]
  pruneopts = "UT"
  revision = "94b4c8b41eba1c82140fee9cca456ad13ae81706"
  version = "v2.0.7"

[[projects]]
  digest = "1:f2ffb104978341aadea72e33f375d42c5e1954f3f6f489f2950b18a4a494cff3"
  name = "github.com/libp2p/go-buffer-pool"
  packages = ["."]
  pruneopts = "UT"
  revision = "1d28ab5fdb424e5b3523d357553082e68df9b068"
  version = "v0.1.1"

[[projects]]
  digest = "1:ff4faed648dab1c024de14c7b6165fe0aa3961eccfe0885dde7eb74cf4f58b95"
  name = "github.com/libp2p/go-conn-security"
  packages = [
    ".",
    "insecure",
  ]
  pruneopts = "UT"
  revision = "b7192598fc6d96e4aa1d6a565387cd17ab667987"
  version = "v0.1.15"

[[projects]]
  digest = "1:6d7a9ca11534f9679045a416d868006a9b6f51ab8556fc42f91e5ce0424a455a"
  name = "github.com/libp2p/go-conn-security-multistream"
  packages = ["."]
  pruneopts = "UT"
  revision = "578125a681eee24cac960d84827db34541e3f707"
  version = "v0.1.15"

[[projects]]
  digest = "1:19f2d2506cc0f9a233c9c0753e8c3fd5afa88afb43ff7b795cbba3629d0e96b5"
  name = "github.com/libp2p/go-flow-metrics"
  packages = ["."]
  pruneopts = "UT"
  revision = "cc546389dcf06b4bcbf6b8594069588e5c8a1451"
  version = "v0.2.0"

[[projects]]
  digest = "1:f2c159c4c56e156671686aeb5157b3c041516460df3aa563e72f88a3eddaf334"
  name = "github.com/libp2p/go-libp2p"
  packages = [
    ".",
    "config",
    "p2p/discovery",
    "p2p/host/basic",
    "p2p/protocol/identify",
    "p2p/protocol/identify/pb",
    "p2p/protocol/ping",
  ]
  pruneopts = "UT"
  revision = "9356373d00ab1aef3e20c8202b682f93799acf78"
  version = "v6.0.23"

[[projects]]
  digest = "1:6f00253ed14e76cf0b0179ee83311d378388054b3fb3446b4607cab76f5b7297"
  name = "github.com/libp2p/go-libp2p-circuit"
  packages = [
    ".",
    "pb",
  ]
  pruneopts = "UT"
  revision = "16eb677aaa62fd2e5e6d73d66388f8ac38bd6388"
  version = "v2.3.2"

[[projects]]
  digest = "1:4ff86c6d6dd8df23a58e6b6060fea5f150d1a502cdfe8a3e9efd5d25339196c6"
  name = "github.com/libp2p/go-libp2p-crypto"
  packages = [
    ".",
    "pb",
  ]
  pruneopts = "UT"
  revision = "274de1bb6c27780863df6b230c91324ab481dab2"
  version = "v2.0.1"

[[projects]]
  digest = "1:de92515b23a5c4cd04893e67cd9af1dfff7a2a5337f95c36de273ecf757628e7"
  name = "github.com/libp2p/go-libp2p-host"
  packages = ["."]
  pruneopts = "UT"
  revision = "5e19768b7bf3195784caede867b26c0e706c0383"
  version = "v3.0.15"

[[projects]]
  digest = "1:2d4d724593d4d46269bf3111ed7d7a3f50b1084648317e0a288a2168aef92a68"
  name = "github.com/libp2p/go-libp2p-interface-connmgr"
  packages = ["."]
  pruneopts = "UT"
  revision = "61a030e46d8f6c82500b0992360d7a5c701d367a"
  version = "v0.0.21"

[[projects]]
  digest = "1:d7341fdf91c4ea53d68c29ad76965bbbb2f7ba09369bfa7f8339ffbeeb49e2f8"
  name = "github.com/libp2p/go-libp2p-interface-pnet"
  packages = ["."]
  pruneopts = "UT"
  revision = "3eda0a328422c06235501df5be481e4b51edc7cf"
  version = "v3.0.0"

[[projects]]
  digest = "1:1e4e962b85de4220c9ce046768c6ab7d9a15fb108b1db61e4f0ae127af7470fe"
  name = "github.com/libp2p/go-libp2p-loggables"
  packages = ["."]
  pruneopts = "UT"
  revision = "2edffda90e410fab8ca3663511d33b59314d4b07"
  version = "v1.1.24"

[[projects]]
  digest = "1:e01814b1390e3abc93ca170141d457fab1dcc0c532cdfdd269be58fb2cd6a9f4"
  name = "github.com/libp2p/go-libp2p-metrics"
  packages = ["."]
  pruneopts = "UT"
  revision = "20c0e3fed14ddf84ac8192038accfd393610ed82"
  version = "v2.1.7"

[[projects]]
  digest = "1:e222b863ab92078c7f351548b93d27a5d514fc3ec82927697a320a30e18f47a3"
  name = "github.com/libp2p/go-libp2p-nat"
  packages = ["."]
  pruneopts = "UT"
  revision = "b82aac8589e138824736b2a9d466981dbce6b0d4"
  version = "v0.8.8"

[[projects]]
  digest = "1:8a2a4db6d6708ebb5c9b79c1b51019c1d52025aebb5d3819c697a8d6515cfdca"
  name = "github.com/libp2p/go-libp2p-net"
  packages = ["."]
  pruneopts = "UT"
  revision = "22c96766db92ab111e506ebcd9cc6511ed32e553"
  version = "v3.0.15"

[[projects]]
  digest = "1:cecdce38bd4fa8534625a84b5b9298554f5105aead852fd5324144224eebf03b"
  name = "github.com/libp2p/go-libp2p-peer"
  packages = [
    ".",
    "test",
  ]
  pruneopts = "UT"
  revision = "dd9b45c0649b38aebe65f98cb460676b4214a42c"
  version = "v2.4.0"

[[projects]]
  digest = "1:2063708efd5552590aeec525a47d0e9dcf981336c20af73f952fb8599ddc394d"
  name = "github.com/libp2p/go-libp2p-peerstore"
  packages = [
    ".",
    "addr",
    "pstoremem",
  ]
  pruneopts = "UT"
  revision = "6295e61c9fd2f13ad159c6241be3b371918045e2"
  version = "v2.0.6"

[[projects]]
  digest = "1:99c29233479cb14a63c7cb6b49927a60ae9d6b4b36d74deb12cc45ce503ddeb5"
  name = "github.com/libp2p/go-libp2p-protocol"
  packages = ["."]
  pruneopts = "UT"
  revision = "e34f0d7468b3519bf9bf4e43c1d028ce651eab51"
  version = "v1.0.0"

[[projects]]
  digest = "1:adf1f0ab3d4bedd10f384b94bf71b6d37dfe48832b61120e146dcc20b81ee8b3"
  name = "github.com/libp2p/go-libp2p-pubsub"
  packages = [
    ".",
    "pb",
  ]
  pruneopts = "UT"
  revision = "3d408775deaf28da57cc356d37f2b8bf9c57db64"
  version = "v0.10.2"

[[projects]]
  digest = "1:c6965e617af296544a1323cccd2d93b8a1072bf837939bbc2a977741e4ed799b"
  name = "github.com/libp2p/go-libp2p-secio"
  packages = [
    ".",
    "pb",
  ]
  pruneopts = "UT"
  revision = "8f95e95b9fedc69b1367362a14f1ad3b5bd5bd46"
  version = "v2.0.17"

[[projects]]
  digest = "1:64aabc707c4b71c972be3f0dbb90ee128f0ea73d7cb1588d24db5518ebde18a5"
  name = "github.com/libp2p/go-libp2p-swarm"
  packages = ["."]
  pruneopts = "UT"
  revision = "839f88f8de4d0f8300facdcdf7aa2124d020b2b6"
  version = "v3.0.22"

[[projects]]
  digest = "1:8c90f8b9d62ea464fe296180e857c497c5817ade1a7981b81f9a27fa43c05f34"
  name = "github.com/libp2p/go-libp2p-transport"
  packages = ["."]
  pruneopts = "UT"
  revision = "e6d021be15cb2bfc73fb24d3b16848bc2825bbf6"
  version = "v3.0.15"

[[projects]]
  digest = "1:13b2c4a015a6af88609ae55919f93b8e1f34679d22226861c7bd7bde6a896e2e"
  name = "github.com/libp2p/go-libp2p-transport-upgrader"
  packages = ["."]
  pruneopts = "UT"
  revision = "8dde02b5e75342c09725bc601cf28e9e98f920c7"
  version = "v0.1.16"

[[projects]]
  digest = "1:a0db31bdbf1024f3b11d55ca7a2e2acb5a32adb71a819343ce3dd2094e9c8521"
  name = "github.com/libp2p/go-maddr-filter"
  packages = ["."]
  pruneopts = "UT"
  revision = "7f7ca1e79c453741adb1cc10d8892b186952e9e1"
  version = "v1.1.10"

[[projects]]
  digest = "1:515ae6b1c75dc6cf55b98122944fbecfcc0be312aef9fbb1796ccf70874af1ff"
  name = "github.com/libp2p/go-mplex"
  packages = ["."]
  pruneopts = "UT"
  revision = "1386e7e2261644453d5aecc59c364fcb25ce7a1e"
  version = "v0.2.30"

[[projects]]
  digest = "1:c5cd39920e0b418c165c04c54717e162db866b5662c3508add7cab5a2c23dd66"
  name = "github.com/libp2p/go-msgio"
  packages = ["."]
  pruneopts = "UT"
  revision = "031a413e66129d593337a3f5948d9364e7fc6d43"
  version = "v0.0.6"

[[projects]]
  digest = "1:d9abec232021f869cfb5a3cc6c5db1183cb82a0b13c7491899d511d276513095"
  name = "github.com/libp2p/go-reuseport"
  packages = [
    ".",
    "poll",
    "singlepoll",
  ]
  pruneopts = "UT"
  revision = "dd0c37d7767bc38280bd9813145b65f8bd560629"
  version = "v0.1.18"

[[projects]]
  digest = "1:32f7ba27db8c9cdbca5482c1c02924c1e3dbb5d861c400753f9d4ebbb8a2d45b"
  name = "github.com/libp2p/go-reuseport-transport"
  packages = ["."]
  pruneopts = "UT"
  revision = "58ea7103ffb4b5eb248c4421e60fdb30e9a56dad"
  version = "v0.1.11"

[[projects]]
  digest = "1:96eca00555fddc36f6d1dc6d5d47435005bf8a950e700afcd76508bde723bc0e"
  name = "github.com/libp2p/go-sockaddr"
  packages = ["net"]
  pruneopts = "UT"
  revision = "5c3ac7e71ec1941a0c2ed4271535d9427feb829c"
  version = "v1.0.3"

[[projects]]
  digest = "1:6dab34eae15e82d15c17cedabb7d641b62731cc5c7a3ed233dba226f8e5cb688"
  name = "github.com/libp2p/go-stream-muxer"
  packages = ["."]
  pruneopts = "UT"
  revision = "2ba231669cdd8d310277307dec6ced95a190c495"
  version = "v3.0.1"

[[projects]]
  digest = "1:85307ba5f7e0ab0633436b13416ee716741ef277d02723fabc191cc74aeda976"
  name = "github.com/libp2p/go-tcp-transport"
  packages = ["."]
  pruneopts = "UT"
  revision = "7e41190ec0687ca01f984fc0aa2f0f2352f5295f"
  version = "v2.0.16"

[[projects]]
  digest = "1:f86576ed9553bdc1c51e18facd79e42fad5ff3d19a338e2b896e88ca3b3be02b"
  name = "github.com/libp2p/go-testutil"
  packages = ["."]
  pruneopts = "UT"
  revision = "58107e702ea745a1f0278796cabb80a2e61bae70"
  version = "v1.2.10"

[[projects]]
  digest = "1:67ce64e198cb5d81f6e49352e4653f858c7adf49cfade581396cbea2eae3209f"
  name = "github.com/libp2p/go-ws-transport"
  packages = ["."]
  pruneopts = "UT"
  revision = "246ec4b8bd9a5a539827eca50a6e6d4ce50bb056"
  version = "v2.0.15"

[[projects]]
  digest = "1:c568d7727aa262c32bdf8a3f7db83614f7af0ed661474b24588de635c20024c7"
  name = "github.com/magiconair/properties"
  packages = ["."]
  pruneopts = "UT"
  revision = "c2353362d570a7bfa228149c62842019201cfb71"
  version = "v1.8.0"

[[projects]]
  digest = "1:c658e84ad3916da105a761660dcaeb01e63416c8ec7bc62256a9b411a05fcd67"
  name = "github.com/mattn/go-colorable"
  packages = ["."]
  pruneopts = "UT"
  revision = "167de6bfdfba052fa6b2d3664c8f5272e23c9072"
  version = "v0.0.9"

[[projects]]
  digest = "1:fa610f9fe6a93f4a75e64c83673dfff9bf1a34bbb21e6102021b6bc7850834a3"
  name = "github.com/mattn/go-isatty"
  packages = ["."]
  pruneopts = "UT"
  revision = "57fdcb988a5c543893cc61bce354a6e24ab70022"

[[projects]]
  digest = "1:702ff5d8a0196ccb0627f35996efd1081be00c8ae1719402adbffc6e0f8f59ac"
  name = "github.com/miekg/dns"
  packages = ["."]
  pruneopts = "UT"
  revision = "7586a3cbe8ccfc63f82de3ab2ceeb08c9939af72"
  version = "v1.1.1"

[[projects]]
  branch = "master"
  digest = "1:130cefe87d7eeefc824978dcb78e35672d4c49a11f25c153fbf0cfd952756fa3"
  name = "github.com/minio/blake2b-simd"
  packages = ["."]
  pruneopts = "UT"
  revision = "3f5f724cb5b182a5c278d6d3d55b40e7f8c2efb4"

[[projects]]
  branch = "master"
  digest = "1:445210ef1e723060b3ebeb691648b5090f154992ee35f7065b70a6a5a96a3bb8"
  name = "github.com/minio/sha256-simd"
  packages = ["."]
  pruneopts = "UT"
  revision = "51976451ce1942acbb55707a983ed232fa027110"

[[projects]]
  digest = "1:53bc4cd4914cd7cd52139990d5170d6dc99067ae31c56530621b18b35fc30318"
  name = "github.com/mitchellh/mapstructure"
  packages = ["."]
  pruneopts = "UT"
  revision = "3536a929edddb9a5b34bd6861dc4a9647cb459fe"
  version = "v1.1.2"

[[projects]]
  branch = "master"
  digest = "1:84bd7f8a2e0bcd53ddc33c3b47c34c1fe340c8632cbe928f7f8ae10ec6ecdd62"
  name = "github.com/mohae/deepcopy"
  packages = ["."]
  pruneopts = "UT"
  revision = "c48cc78d482608239f6c4c92a4abd87eb8761c90"

[[projects]]
  digest = "1:cf5b7fbff2c87cff6c0e11f87b30edc21abc6592e6a76f41003ca6d5a712cf48"
  name = "github.com/mr-tron/base58"
  packages = ["base58"]
  pruneopts = "UT"
  revision = "89529c6904fcd077434931b4eac8b4b2f0991baf"
  version = "v1.1.0"

[[projects]]
  digest = "1:e54be212eca970f4d5d39899666aef429c437969783e360a0cab075ba1423a80"
  name = "github.com/multiformats/go-multiaddr"
  packages = ["."]
  pruneopts = "UT"
  revision = "2b4e098f3e0aa2c8bc960f0e4bdc3247efc3749c"
  version = "v1.3.0"

[[projects]]
  digest = "1:555234f024280947ee62e4e911f367fd8b1cad57490108076e2578ec7dde5075"
  name = "github.com/multiformats/go-multiaddr-dns"
  packages = ["."]
  pruneopts = "UT"
  revision = "317a9bc842d426da4d878690625babb26d64e73b"
  version = "v0.2.5"

[[projects]]
  digest = "1:d395f9e8e637fe576f096f6cc65862dc6617236316828032b5a26b42bc9a62a0"
  name = "github.com/multiformats/go-multiaddr-net"
  packages = ["."]
  pruneopts = "UT"
  revision = "cba4f9fea8613343eb7ecc4ddadd8e7298a00c39"
  version = "v1.6.3"

[[projects]]
  digest = "1:c0ea71365e7d0e63a2e8f48e6fc2ba92f2f2b739bbeb3cdabdcd719037e175c2"
  name = "github.com/multiformats/go-multihash"
  packages = ["."]
  pruneopts = "UT"
  revision = "8be2a682ab9f254311de1375145a2f78a809b07d"
  version = "v1.0.8"

[[projects]]
  digest = "1:58752a8ce91a3b26ec4ffeb94c9d9e8692b3b639f9ee3e5ca465bda1159b3a9c"
  name = "github.com/multiformats/go-multistream"
  packages = ["."]
  pruneopts = "UT"
  revision = "0e509f6b999d3be262c0702d25fe868c77de1565"
  version = "v0.3.9"

[[projects]]
  digest = "1:450b7623b185031f3a456801155c8320209f75d0d4c4e633c6b1e59d44d6e392"
  name = "github.com/opentracing/opentracing-go"
  packages = [
    ".",
    "ext",
    "log",
  ]
  pruneopts = "UT"
  revision = "1949ddbfd147afd4d964a9f00b24eb291e0e7c38"
  version = "v1.0.2"

[[projects]]
  digest = "1:95741de3af260a92cc5c7f3f3061e85273f5a81b5db20d4bd68da74bd521675e"
  name = "github.com/pelletier/go-toml"
  packages = ["."]
  pruneopts = "UT"
  revision = "c01d1270ff3e442a8a57cddc1c92dc1138598194"
  version = "v1.2.0"

[[projects]]
  digest = "1:40e195917a951a8bf867cd05de2a46aaf1806c50cf92eebf4c16f78cd196f747"
  name = "github.com/pkg/errors"
  packages = ["."]
  pruneopts = "UT"
  revision = "645ef00459ed84a119197bfb8d8205042c6df63d"
  version = "v0.8.0"

[[projects]]
  digest = "1:0028cb19b2e4c3112225cd871870f2d9cf49b9b4276531f03438a88e94be86fe"
  name = "github.com/pmezard/go-difflib"
  packages = ["difflib"]
  pruneopts = "UT"
  revision = "792786c7400a136282c1664665ae0a8db921c6c2"
  version = "v1.0.0"

[[projects]]
  digest = "1:274f67cb6fed9588ea2521ecdac05a6d62a8c51c074c1fccc6a49a40ba80e925"
  name = "github.com/satori/go.uuid"
  packages = ["."]
  pruneopts = "UT"
  revision = "f58768cc1a7a7e77a3bd49e98cdd21419399b6a3"
  version = "v1.2.0"

[[projects]]
  digest = "1:69b1cc331fca23d702bd72f860c6a647afd0aa9fcbc1d0659b1365e26546dd70"
  name = "github.com/sirupsen/logrus"
  packages = ["."]
  pruneopts = "UT"
  revision = "bcd833dfe83d3cebad139e4a29ed79cb2318bf95"
  version = "v1.2.0"

[[projects]]
  digest = "1:919bb3aa6d9d0b67648c219fa4925312bc3c2872da19e818fa769e9c97a2b643"
  name = "github.com/spaolacci/murmur3"
  packages = ["."]
  pruneopts = "UT"
  revision = "9f5d223c60793748f04a9d5b4b4eacddfc1f755d"
  version = "v1.1"

[[projects]]
  digest = "1:6a4a11ba764a56d2758899ec6f3848d24698d48442ebce85ee7a3f63284526cd"
  name = "github.com/spf13/afero"
  packages = [
    ".",
    "mem",
  ]
  pruneopts = "UT"
  revision = "d40851caa0d747393da1ffb28f7f9d8b4eeffebd"
  version = "v1.1.2"

[[projects]]
  digest = "1:08d65904057412fc0270fc4812a1c90c594186819243160dc779a402d4b6d0bc"
  name = "github.com/spf13/cast"
  packages = ["."]
  pruneopts = "UT"
  revision = "8c9545af88b134710ab1cd196795e7f2388358d7"
  version = "v1.3.0"

[[projects]]
  digest = "1:68ea4e23713989dc20b1bded5d9da2c5f9be14ff9885beef481848edd18c26cb"
  name = "github.com/spf13/jwalterweatherman"
  packages = ["."]
  pruneopts = "UT"
  revision = "4a4406e478ca629068e7768fc33f3f044173c0a6"
  version = "v1.0.0"

[[projects]]
  digest = "1:c1b1102241e7f645bc8e0c22ae352e8f0dc6484b6cb4d132fa9f24174e0119e2"
  name = "github.com/spf13/pflag"
  packages = ["."]
  pruneopts = "UT"
  revision = "298182f68c66c05229eb03ac171abe6e309ee79a"
  version = "v1.0.3"

[[projects]]
  digest = "1:34c2a71c3317bd76711f66330d7846597bea8cd26c9df5bfd4603d156503e1bf"
  name = "github.com/spf13/viper"
  packages = ["."]
  pruneopts = "UT"
  revision = "41cd1c3aa32b2685fae6c296e6f044bc68922c0e"
  version = "v1.3.0"

[[projects]]
  digest = "1:18752d0b95816a1b777505a97f71c7467a8445b8ffb55631a7bf779f6ba4fa83"
  name = "github.com/stretchr/testify"
  packages = ["assert"]
  pruneopts = "UT"
  revision = "f35b8ab0b5a2cef36673838d662e249dd9c94686"
  version = "v1.2.2"

[[projects]]
  branch = "master"
  digest = "1:685fdfea42d825ebd39ee0994354b46c374cf2c2b2d97a41a8dee1807c6a9b62"
  name = "github.com/syndtr/goleveldb"
  packages = [
    "leveldb",
    "leveldb/cache",
    "leveldb/comparer",
    "leveldb/errors",
    "leveldb/filter",
    "leveldb/iterator",
    "leveldb/journal",
    "leveldb/memdb",
    "leveldb/opt",
    "leveldb/storage",
    "leveldb/table",
    "leveldb/util",
  ]
  pruneopts = "UT"
  revision = "b001fa50d6b27f3f0bb175a87d0cb55426d0a0ae"

[[projects]]
  digest = "1:c268acaa4a4d94a467980e5e91452eb61c460145765293dc0aed48e5e9919cc6"
  name = "github.com/ugorji/go"
  packages = ["codec"]
  pruneopts = "UT"
  revision = "c88ee250d0221a57af388746f5cf03768c21d6e2"

[[projects]]
  branch = "master"
  digest = "1:0102dfa2f98777db8ff68c920bef1be3ff8504e90485b6cdd24d61b981b487b6"
  name = "github.com/whyrusleeping/go-logging"
  packages = ["."]
  pruneopts = "UT"
  revision = "0457bb6b88fc1973573aaf6b5145d8d3ae972390"

[[projects]]
  branch = "master"
  digest = "1:94796f9decedb46b17985693cbe996ce3642a991f0efcf7bf9a6c5197da3eefc"
  name = "github.com/whyrusleeping/go-notifier"
  packages = ["."]
  pruneopts = "UT"
  revision = "097c5d47330ff6a823f67e3515faa13566a62c6f"

[[projects]]
  digest = "1:1c5b129f012e176d9cbcb173c67fef17698a2d0a8169e94c8db9e7beeb3ef716"
  name = "github.com/whyrusleeping/go-smux-multiplex"
  packages = ["."]
  pruneopts = "UT"
  revision = "2b855d4f3a3051b0133f7783bffe06e4b7833d1e"
  version = "v3.0.16"

[[projects]]
  digest = "1:262e85ef9e2082fcb44335f6349699d61d5ac3672d24dcf3bf4cbc7377b51e96"
  name = "github.com/whyrusleeping/go-smux-multistream"
  packages = ["."]
  pruneopts = "UT"
  revision = "e799b10bc6eea2cc5ce18f7b7b4d8e1a0439476d"
  version = "v2.0.2"

[[projects]]
  digest = "1:b3205c79e29e2878a1a90216ef97575b9624ce7cffc1230392967253917ae2aa"
  name = "github.com/whyrusleeping/go-smux-yamux"
  packages = ["."]
  pruneopts = "UT"
  revision = "49458276a01f7fbc32ff62c8955fa3e852b8e772"
  version = "v2.0.8"

[[projects]]
  digest = "1:6c96967502c55c555abfe560f561a124951345e713a8e87cc6e2c214976e6e75"
  name = "github.com/whyrusleeping/mafmt"
  packages = ["."]
  pruneopts = "UT"
  revision = "7aa7fad2ede4e7157818e3e7af5061f866a9ae23"
  version = "v1.2.8"

[[projects]]
  branch = "master"
  digest = "1:0a017705731cb8ad506e72d842840ba89809e5b27b5593954c7eeeb631823735"
  name = "github.com/whyrusleeping/mdns"
  packages = ["."]
  pruneopts = "UT"
  revision = "ef14215e6b30606f4ce84174ed7a644a05cb1af3"

[[projects]]
  branch = "master"
  digest = "1:94b933c1b26f1da25d25a089937d15987170a0a54109aa521a111345c3e84581"
  name = "github.com/whyrusleeping/multiaddr-filter"
  packages = ["."]
  pruneopts = "UT"
  revision = "e903e4adabd70b78bc9293b6ee4f359afb3f9f59"

[[projects]]
  branch = "master"
  digest = "1:1ccd9d66ae1abe6b3b28d8b68e09387533fee345d8bbaa753af2fa16e0505807"
  name = "github.com/whyrusleeping/timecache"
  packages = ["."]
  pruneopts = "UT"
  revision = "cfcb2f1abfee846c430233aef0b630a946e0a5a6"

[[projects]]
  digest = "1:b7132f3506d2a5a9bd4e5bf80cb7efbea4f14ea1afe24a2461f4c73d90f7d62a"
  name = "github.com/whyrusleeping/yamux"
  packages = ["."]
  pruneopts = "UT"
  revision = "98c0f1efe02b69cd8d8d45452d83663fa25c81e0"
  version = "v1.1.2"

[[projects]]
  branch = "master"
  digest = "1:7eddab8aaf7a87e73a0046a245f9989bda9842917ddd6c04fb18c07261224e77"
  name = "golang.org/x/crypto"
  packages = [
    "blake2b",
    "blake2s",
    "blowfish",
    "ed25519",
    "ed25519/internal/edwards25519",
    "sha3",
    "ssh/terminal",
  ]
  pruneopts = "UT"
  revision = "505ab145d0a99da450461ae2c1a9f6cd10d1f447"

[[projects]]
  branch = "master"
  digest = "1:6070442c121bb0bc8aabe833ea1a66a4bda95d4bb62ae053ecbff7b6723c4075"
  name = "golang.org/x/net"
  packages = [
    "bpf",
    "context",
    "html",
    "html/atom",
    "html/charset",
    "internal/iana",
    "internal/socket",
    "ipv4",
    "ipv6",
  ]
  pruneopts = "UT"
  revision = "351d144fa1fc0bd934e2408202be0c29f25e35a0"

[[projects]]
  branch = "master"
  digest = "1:67b483bf3e2c5dedd0a7d110e37cb378c7e73227e13f6661a35dd52c99e5f55d"
  name = "golang.org/x/sys"
  packages = [
    "cpu",
    "unix",
    "windows",
  ]
  pruneopts = "UT"
  revision = "70b957f3b65e069b4930ea94e2721eefa0f8f695"

[[projects]]
  digest = "1:4392fcf42d5cf0e3ff78c96b2acf8223d49e4fdc53eb77c99d2f8dfe4680e006"
  name = "golang.org/x/text"
  packages = [
    "encoding",
    "encoding/charmap",
    "encoding/htmlindex",
    "encoding/internal",
    "encoding/internal/identifier",
    "encoding/japanese",
    "encoding/korean",
    "encoding/simplifiedchinese",
    "encoding/traditionalchinese",
    "encoding/unicode",
    "internal/gen",
    "internal/tag",
    "internal/triegen",
    "internal/ucd",
    "internal/utf8internal",
    "language",
    "runes",
    "transform",
    "unicode/cldr",
    "unicode/norm",
  ]
  pruneopts = "UT"
  revision = "f21a4dfb5e38f5895301dc265a8def02365cc3d0"
  version = "v0.3.0"

[[projects]]
  branch = "v2"
  digest = "1:19a8c5e03c7ccb13829b32f4d4793a32cbb4191142a4701e5b1f45eb2a66e30e"
  name = "gopkg.in/dedis/kyber.v2"
  packages = [
    ".",
    "group/edwards25519",
    "group/internal/marshalling",
    "group/mod",
    "util/random",
    "xof/blake2xb",
  ]
  pruneopts = "UT"
  revision = "f066f8d2cd58398b231c3e32429fec42109eb1e6"

[[projects]]
  digest = "1:1b4724d3c8125f6044925f02b485b74bfec9905cbf579d95aafd1a6c8f8447d3"
  name = "gopkg.in/go-playground/validator.v8"
  packages = ["."]
  pruneopts = "UT"
  revision = "5f57d2222ad794d0dffb07e664ea05e2ee07d60c"
  version = "v8.18.1"

[[projects]]
  digest = "1:cacb98d52c60c337c2ce95a7af83ba0313a93ce5e73fa9e99a96aff70776b9d3"
  name = "gopkg.in/yaml.v2"
  packages = ["."]
  pruneopts = "UT"
  revision = "a5b47d31c556af34a302ce5d659e6fea44d90de0"

[[projects]]
  digest = "1:cf478a477806c0f5dbed523f7706c51cbe51b8dc04a139967102f8668d261e50"
  name = "gotest.tools"
  packages = [
    "assert",
    "assert/cmp",
    "internal/difflib",
    "internal/format",
    "internal/source",
  ]
  pruneopts = "UT"
  revision = "7c797b5133e5460410dbb22ba779bf35e6975dea"
  version = "v2.2.0"

[[projects]]
  digest = "1:64ec3622366786e96b38924ca986e728b798ec1d653232d76a4083335e2ebd2d"
  name = "zombiezen.com/go/capnproto2"
  packages = [
    ".",
    "encoding/text",
    "internal/nodemap",
    "internal/packed",
    "internal/schema",
    "internal/strquote",
    "schemas",
  ]
  pruneopts = "UT"
  revision = "659aba4018b61e5f07f6b90ff2abc5b300baccea"
  version = "v2.17.2"

[solve-meta]
  analyzer-name = "dep"
  analyzer-version = 1
  input-imports = [
    "github.com/360EntSecGroup-Skylar/excelize",
    "github.com/ElrondNetwork/elrond-go-sandbox/api/node",
    "github.com/ElrondNetwork/elrond-go-sandbox/benchmark-broadcast/bits",
    "github.com/ElrondNetwork/elrond-go-sandbox/benchmark-broadcast/broadcast",
    "github.com/ElrondNetwork/elrond-go-sandbox/benchmark-broadcast/copy",
    "github.com/ElrondNetwork/elrond-go-sandbox/benchmark-broadcast/types",
    "github.com/ElrondNetwork/elrond-go-sandbox/chronology",
    "github.com/ElrondNetwork/elrond-go-sandbox/chronology/ntp",
    "github.com/ElrondNetwork/elrond-go-sandbox/config",
    "github.com/ElrondNetwork/elrond-go-sandbox/consensus/spos",
    "github.com/ElrondNetwork/elrond-go-sandbox/crypto/bn",
    "github.com/ElrondNetwork/elrond-go-sandbox/crypto/ed25519",
    "github.com/ElrondNetwork/elrond-go-sandbox/crypto/math",
    "github.com/ElrondNetwork/elrond-go-sandbox/crypto/schnorr",
    "github.com/ElrondNetwork/elrond-go-sandbox/data",
    "github.com/ElrondNetwork/elrond-go-sandbox/data/block",
    "github.com/ElrondNetwork/elrond-go-sandbox/data/block/capnproto1",
    "github.com/ElrondNetwork/elrond-go-sandbox/data/blockchain",
    "github.com/ElrondNetwork/elrond-go-sandbox/data/state",
    "github.com/ElrondNetwork/elrond-go-sandbox/data/state/mock",
    "github.com/ElrondNetwork/elrond-go-sandbox/data/transaction",
    "github.com/ElrondNetwork/elrond-go-sandbox/data/transaction/capnproto1",
    "github.com/ElrondNetwork/elrond-go-sandbox/data/transaction/capnproto2",
    "github.com/ElrondNetwork/elrond-go-sandbox/data/transactionPool",
    "github.com/ElrondNetwork/elrond-go-sandbox/data/trie",
    "github.com/ElrondNetwork/elrond-go-sandbox/data/trie/encoding",
    "github.com/ElrondNetwork/elrond-go-sandbox/data/trie/mock",
    "github.com/ElrondNetwork/elrond-go-sandbox/data/trie/mock/sha3",
    "github.com/ElrondNetwork/elrond-go-sandbox/data/trie/rlp",
    "github.com/ElrondNetwork/elrond-go-sandbox/execution",
    "github.com/ElrondNetwork/elrond-go-sandbox/hashing",
    "github.com/ElrondNetwork/elrond-go-sandbox/hashing/blake2b",
    "github.com/ElrondNetwork/elrond-go-sandbox/hashing/sha256",
    "github.com/ElrondNetwork/elrond-go-sandbox/logger",
    "github.com/ElrondNetwork/elrond-go-sandbox/marshal",
    "github.com/ElrondNetwork/elrond-go-sandbox/p2p",
    "github.com/ElrondNetwork/elrond-go-sandbox/p2p/mock",
    "github.com/ElrondNetwork/elrond-go-sandbox/storage",
    "github.com/ElrondNetwork/elrond-go-sandbox/storage/leveldb",
    "github.com/ElrondNetwork/elrond-go-sandbox/storage/lrucache",
    "github.com/ElrondNetwork/elrond-go-sandbox/storage/memorydb",
    "github.com/beevik/ntp",
    "github.com/btcsuite/btcd/btcec",
    "github.com/btcsuite/btcutil/base58",
    "github.com/davecgh/go-spew/spew",
    "github.com/dedis/kyber",
    "github.com/dedis/kyber/group/edwards25519",
    "github.com/dedis/kyber/pairing",
    "github.com/dedis/kyber/pairing/bn256",
    "github.com/dedis/kyber/share",
    "github.com/dedis/kyber/sign/bls",
    "github.com/dedis/kyber/sign/cosi",
    "github.com/dedis/kyber/sign/schnorr",
    "github.com/dedis/kyber/sign/tbls",
    "github.com/dedis/kyber/util/key",
    "github.com/dedis/kyber/util/random",
    "github.com/dedis/kyber/xof/blake2xb",
    "github.com/gin-contrib/cors",
    "github.com/gin-gonic/gin",
    "github.com/glycerine/go-capnproto",
    "github.com/gogo/protobuf/sortkeys",
    "github.com/hashicorp/golang-lru",
    "github.com/ipfs/go-ipfs-addr",
    "github.com/libp2p/go-conn-security-multistream",
    "github.com/libp2p/go-libp2p",
    "github.com/libp2p/go-libp2p-crypto",
    "github.com/libp2p/go-libp2p-host",
    "github.com/libp2p/go-libp2p-metrics",
    "github.com/libp2p/go-libp2p-net",
    "github.com/libp2p/go-libp2p-peer",
    "github.com/libp2p/go-libp2p-peerstore",
    "github.com/libp2p/go-libp2p-peerstore/pstoremem",
    "github.com/libp2p/go-libp2p-protocol",
    "github.com/libp2p/go-libp2p-pubsub",
    "github.com/libp2p/go-libp2p-pubsub/pb",
    "github.com/libp2p/go-libp2p-secio",
    "github.com/libp2p/go-libp2p-swarm",
    "github.com/libp2p/go-libp2p-transport-upgrader",
    "github.com/libp2p/go-libp2p/p2p/discovery",
    "github.com/libp2p/go-libp2p/p2p/host/basic",
    "github.com/libp2p/go-tcp-transport",
    "github.com/libp2p/go-testutil",
    "github.com/multiformats/go-multiaddr",
    "github.com/pkg/errors",
    "github.com/satori/go.uuid",
    "github.com/sirupsen/logrus",
    "github.com/spf13/viper",
    "github.com/stretchr/testify/assert",
    "github.com/syndtr/goleveldb/leveldb",
    "github.com/whyrusleeping/go-smux-multistream",
    "github.com/whyrusleeping/go-smux-yamux",
    "golang.org/x/crypto/blake2b",
    "gopkg.in/dedis/kyber.v2",
    "gopkg.in/dedis/kyber.v2/group/edwards25519",
    "gotest.tools/assert",
    "zombiezen.com/go/capnproto2",
    "zombiezen.com/go/capnproto2/encoding/text",
    "zombiezen.com/go/capnproto2/schemas",
  ]
  solver-name = "gps-cdcl"
  solver-version = 1
