github.com/davecgh/go-spew v1.1.1 h1:vj9j/u1bqnvCEfJOwUhtlOARqs3+rkHYY13jYWTU97c=
github.com/multiversx/mx-components-big-int v1.0.0 h1:Wkr8lSzK2nDqixOrrBa47VNuqdhV1m/aJhaP1EMaiS8=
github.com/multiversx/mx-components-big-int v1.0.0/go.mod h1:maIEMgHlNE2u78JaDD0oLzri+ShgU4okHfzP3LWGdQM=
github.com/multiversx/mx-sdk-abi-incubator/golang v0.0.0-20240221125315-9a6e466faeb4 h1:CWQEKGAq2d9SZdikm2bXK9W9oJs09dSvs38ktb6Wc7Y=
github.com/multiversx/mx-sdk-abi-incubator/golang v0.0.0-20240221125315-9a6e466faeb4/go.mod h1:BIWSnjXqwxBDY3FWjHFuN6PVDMqh6RuPcn8j4SjsHbk=
github.com/multiversx/mx-sdk-abi-incubator/golang v0.0.0-20240226111727-c4cb3a0783c2 h1:AfJYTUZeZGtwc9MeXi/PVW3/rp/ezHp3ZI1xgOQWh0Q=
github.com/multiversx/mx-sdk-abi-incubator/golang v0.0.0-20240226111727-c4cb3a0783c2/go.mod h1:BIWSnjXqwxBDY3FWjHFuN6PVDMqh6RuPcn8j4SjsHbk=
github.com/multiversx/mx-sdk-abi-incubator/golang v0.0.0-20240226123823-cc2e785f79c7 h1:w3C2v5BXNS+ZqM341fmVdSJP+dRZtB/P26BzOYc69iM=
github.com/multiversx/mx-sdk-abi-incubator/golang v0.0.0-20240226123823-cc2e785f79c7/go.mod h1:BIWSnjXqwxBDY3FWjHFuN6PVDMqh6RuPcn8j4SjsHbk=
github.com/multiversx/mx-sdk-abi-incubator/golang v0.0.0-20240226144007-49cf6a5acf0d h1:dXHk0yAjI660xWWnLuCVBb2r7dxzlYgCgJq83v+Fy2I=
github.com/multiversx/mx-sdk-abi-incubator/golang v0.0.0-20240226144007-49cf6a5acf0d/go.mod h1:BIWSnjXqwxBDY3FWjHFuN6PVDMqh6RuPcn8j4SjsHbk=
github.com/multiversx/mx-sdk-abi-incubator/golang v0.0.0-20240227150444-94cc69ed92fd h1:qcAeeG+a74XtBAmykCOQu83seV4xiPycj2hLUZav6Kk=
github.com/multiversx/mx-sdk-abi-incubator/golang v0.0.0-20240227150444-94cc69ed92fd/go.mod h1:BIWSnjXqwxBDY3FWjHFuN6PVDMqh6RuPcn8j4SjsHbk=
github.com/multiversx/mx-sdk-abi-incubator/golang v0.0.0-20240304123830-5b63f9782aea h1:fiJJGQmm0PaLnvSBQl5VIF4T9zOdvP0Ka2H7yjwZ9YE=
github.com/multiversx/mx-sdk-abi-incubator/golang v0.0.0-20240304123830-5b63f9782aea/go.mod h1:BIWSnjXqwxBDY3FWjHFuN6PVDMqh6RuPcn8j4SjsHbk=
github.com/pmezard/go-difflib v1.0.0 h1:4DBwDE0NGyQoBHbLQYPwSUPoCMWR5BEzIk/f1lZbAQM=
github.com/stretchr/testify v1.8.4 h1:CcVxjf3Q8PM0mHUKJCdn+eZZtm5yQwehR5yeSVQQcUk=
gopkg.in/yaml.v3 v3.0.1 h1:fxVm/GzAzEWqLHuvctI91KS9hhNmmWOoWu0XTYJS7CA=
